{
  "nodes": {
    "flake-utils": {
      "locked": {
        "lastModified": 1667395993,
        "narHash": "sha256-nuEHfE/LcWyuSWnS8t12N1wc105Qtau+/OdUAjtQ0rA=",
        "owner": "numtide",
        "repo": "flake-utils",
        "rev": "5aed5285a952e0b949eb3ba02c12fa4fcfef535f",
        "type": "github"
      },
      "original": {
        "owner": "numtide",
        "repo": "flake-utils",
        "type": "github"
      }
    },
    "gitsigns-nvim": {
      "flake": false,
      "locked": {
        "lastModified": 1671195647,
        "narHash": "sha256-lu4wPfPhcVwzMwbrgtoxyrhcRkMUPXu5JKAaK5w6/Q0=",
        "owner": "lewis6991",
        "repo": "gitsigns.nvim",
        "rev": "71644a2907adc076f1c5e712f59d897f5197d5d6",
        "type": "github"
      },
      "original": {
        "owner": "lewis6991",
        "repo": "gitsigns.nvim",
        "type": "github"
      }
    },
    "indent-blankline-nvim": {
      "flake": false,
      "locked": {
        "lastModified": 1670461953,
        "narHash": "sha256-BvRE4l10Ruz3j4JJwSAKuE9M3vd1blDbEHHlwIB2Vs0=",
        "owner": "lukas-reineke",
        "repo": "indent-blankline.nvim",
        "rev": "c4c203c3e8a595bc333abaf168fcb10c13ed5fb7",
        "type": "github"
      },
      "original": {
        "owner": "lukas-reineke",
        "repo": "indent-blankline.nvim",
        "type": "github"
      }
    },
    "neovim": {
      "inputs": {
        "flake-utils": "flake-utils",
        "nixpkgs": [
          "nixpkgs"
        ]
      },
      "locked": {
        "dir": "contrib",
        "lastModified": 1671281026,
        "narHash": "sha256-prXfN7KL36MP7R7Da0MaGIXb85PLi1X6Wh2JCqWbwI4=",
        "owner": "neovim",
        "repo": "neovim",
        "rev": "1c4794944deb734b24b4a424c50b766a96e050dd",
        "type": "github"
      },
      "original": {
        "dir": "contrib",
        "owner": "neovim",
        "repo": "neovim",
        "type": "github"
      }
    },
    "nixpkgs": {
      "locked": {
        "lastModified": 1671268780,
        "narHash": "sha256-9Okbivo10bcXEGCtmAQNfJt1Zpk6B3tjkSQ2CIXmTCg=",
        "owner": "nixos",
        "repo": "nixpkgs",
        "rev": "80c24eeb9ff46aa99617844d0c4168659e35175f",
        "type": "github"
      },
      "original": {
        "owner": "nixos",
        "ref": "nixpkgs-unstable",
        "repo": "nixpkgs",
        "type": "github"
      }
    },
    "nvim-lspconfig": {
      "flake": false,
      "locked": {
        "lastModified": 1671288843,
        "narHash": "sha256-qZzUofbUCEccWv5TWrx6oGtHxxfKeIGzBQbmg2uD/Bw=",
        "owner": "neovim",
        "repo": "nvim-lspconfig",
        "rev": "54eb2a070a4f389b1be0f98070f81d23e2b1a715",
        "type": "github"
      },
      "original": {
        "owner": "neovim",
        "repo": "nvim-lspconfig",
        "type": "github"
      }
    },
    "nvim-tree-lua": {
      "flake": false,
      "locked": {
        "lastModified": 1671257133,
        "narHash": "sha256-113KjDFwxhfzK+t6TVHv8WPsty5Fbrxw964rjXvxnmw=",
        "owner": "nvim-tree",
        "repo": "nvim-tree.lua",
        "rev": "29788cc32a153e42b2fe48344d315da8367fc6fa",
        "type": "github"
      },
      "original": {
        "owner": "nvim-tree",
        "repo": "nvim-tree.lua",
        "type": "github"
      }
    },
    "nvim-treesitter": {
      "flake": false,
      "locked": {
        "lastModified": 1671319635,
        "narHash": "sha256-1gOsfIUX0U7eXOA/3HAODboN8MW49Ndlos7dXzBaFTw=",
        "owner": "nvim-treesitter",
        "repo": "nvim-treesitter",
        "rev": "ee095abeac5842943a94a27c0ca75c61e7c614a2",
        "type": "github"
      },
      "original": {
        "owner": "nvim-treesitter",
        "repo": "nvim-treesitter",
        "type": "github"
      }
    },
    "nvim-web-devicons": {
      "flake": false,
      "locked": {
        "lastModified": 1670623994,
        "narHash": "sha256-X2CM/CjBS5RCKVsepbOnmmYveYNjssaMm8uo92u2o6w=",
        "owner": "nvim-tree",
        "repo": "nvim-web-devicons",
        "rev": "05e1072f63f6c194ac6e867b567e6b437d3d4622",
        "type": "github"
      },
      "original": {
        "owner": "nvim-tree",
        "repo": "nvim-web-devicons",
        "type": "github"
      }
    },
    "plenary-nvim": {
      "flake": false,
      "locked": {
        "lastModified": 1664607953,
        "narHash": "sha256-lIdBrVpi+vUudeotjFAuw4C0VT8TPoFE9cVVAQEsAYU=",
        "owner": "nvim-lua",
        "repo": "plenary.nvim",
        "rev": "4b7e52044bbb84242158d977a50c4cbcd85070c7",
        "type": "github"
      },
      "original": {
        "owner": "nvim-lua",
        "repo": "plenary.nvim",
        "type": "github"
      }
    },
    "ripgrep": {
      "flake": false,
      "locked": {
        "lastModified": 1671207850,
        "narHash": "sha256-T32kzORYe0Y4OIvpBxyHbrOAec3k1JCJPq6LSC1s+0I=",
        "owner": "BurntSushi",
        "repo": "ripgrep",
        "rev": "6b61271bbbf6c83ee24ca38c9809f94fa010c3c8",
        "type": "github"
      },
      "original": {
        "owner": "BurntSushi",
        "repo": "ripgrep",
        "type": "github"
      }
    },
    "root": {
      "inputs": {
        "gitsigns-nvim": "gitsigns-nvim",
        "indent-blankline-nvim": "indent-blankline-nvim",
        "neovim": "neovim",
        "nixpkgs": "nixpkgs",
        "nvim-lspconfig": "nvim-lspconfig",
        "nvim-tree-lua": "nvim-tree-lua",
        "nvim-treesitter": "nvim-treesitter",
        "nvim-web-devicons": "nvim-web-devicons",
        "plenary-nvim": "plenary-nvim",
        "ripgrep": "ripgrep",
        "telescope-fzf-native-nvim": "telescope-fzf-native-nvim",
        "telescope-nvim": "telescope-nvim",
        "vim-nix": "vim-nix"
      }
    },
    "telescope-fzf-native-nvim": {
      "flake": false,
      "locked": {
        "lastModified": 1669978470,
        "narHash": "sha256-IBrGxZ98YftUvJjQNVebOQDiBYkX9vd/qIsnM3fy96o=",
        "owner": "nvim-telescope",
        "repo": "telescope-fzf-native.nvim",
        "rev": "ae9d95da9ff5669eb8e35f758fbf385b3e2fb7cf",
        "type": "github"
      },
      "original": {
        "owner": "nvim-telescope",
        "repo": "telescope-fzf-native.nvim",
        "type": "github"
      }
    },
    "telescope-nvim": {
      "flake": false,
      "locked": {
        "lastModified": 1669979094,
        "narHash": "sha256-5UgCqnDs4iubnq7gER1wC8Mk9UZuo8cWqDB8ZbyGCRI=",
        "owner": "nvim-telescope",
        "repo": "telescope.nvim",
        "rev": "cabf991b1d3996fa6f3232327fc649bbdf676496",
        "type": "github"
      },
      "original": {
        "owner": "nvim-telescope",
        "repo": "telescope.nvim",
        "type": "github"
      }
    },
    "vim-nix": {
      "flake": false,
      "locked": {
        "lastModified": 1650919516,
        "narHash": "sha256-W6ExP+iDNo5T8XazxHRpUiECGv+AU5PPoM4CmU7NV+0=",
        "owner": "LnL7",
        "repo": "vim-nix",
        "rev": "7d23e97d13c40fcc6d603b291fe9b6e5f92516ee",
        "type": "github"
      },
      "original": {
        "owner": "LnL7",
        "repo": "vim-nix",
        "type": "github"
      }
    }
  },
  "root": "root",
  "version": 7
}
