{
  "nodes": {
    "flake-utils": {
      "locked": {
        "lastModified": 1667395993,
        "narHash": "sha256-nuEHfE/LcWyuSWnS8t12N1wc105Qtau+/OdUAjtQ0rA=",
        "owner": "numtide",
        "repo": "flake-utils",
        "rev": "5aed5285a952e0b949eb3ba02c12fa4fcfef535f",
        "type": "github"
      },
      "original": {
        "owner": "numtide",
        "repo": "flake-utils",
        "type": "github"
      }
    },
    "gitsigns-nvim": {
      "flake": false,
      "locked": {
        "lastModified": 1669826718,
        "narHash": "sha256-2S25m5sx7fHI/PHKosch7w/uV7DUOFtOQVpp9sUGKYk=",
        "owner": "lewis6991",
        "repo": "gitsigns.nvim",
        "rev": "d076301a634198e0ae3efee3b298fc63c055a871",
        "type": "github"
      },
      "original": {
        "owner": "lewis6991",
        "repo": "gitsigns.nvim",
        "type": "github"
      }
    },
    "neovim": {
      "inputs": {
        "flake-utils": "flake-utils",
        "nixpkgs": [
          "nixpkgs"
        ]
      },
      "locked": {
        "dir": "contrib",
        "lastModified": 1670633376,
        "narHash": "sha256-COqObflZvvFuY+G2UMrkDuRigXDbUjCpxf/zNKNrovw=",
        "owner": "neovim",
        "repo": "neovim",
        "rev": "f96fb23de62f9539bf254cc1a4e99d1da8b71994",
        "type": "github"
      },
      "original": {
        "dir": "contrib",
        "owner": "neovim",
        "repo": "neovim",
        "type": "github"
      }
    },
    "nixpkgs": {
      "locked": {
        "lastModified": 1670587192,
        "narHash": "sha256-h3DHD2WBddfZxRuceYBa54JZKF1z8O8dtYNZK5UvP/4=",
        "owner": "nixos",
        "repo": "nixpkgs",
        "rev": "aaac4123e3e33e779af54361a244857d029a64dd",
        "type": "github"
      },
      "original": {
        "owner": "nixos",
        "ref": "nixpkgs-unstable",
        "repo": "nixpkgs",
        "type": "github"
      }
    },
    "nvim-lspconfig": {
      "flake": false,
      "locked": {
        "lastModified": 1670641224,
        "narHash": "sha256-OtCb7GHuWr9WqrpQMQjoZeqUkP/efo2O1NGrcnTHWro=",
        "owner": "neovim",
        "repo": "nvim-lspconfig",
        "rev": "3bb0c53b1df74d4b3b70d5939a015b19064a5a06",
        "type": "github"
      },
      "original": {
        "owner": "neovim",
        "repo": "nvim-lspconfig",
        "type": "github"
      }
    },
    "nvim-tree-lua": {
      "flake": false,
      "locked": {
        "lastModified": 1670649902,
        "narHash": "sha256-Th0YIXC6ioD1H2c4YPhK1EBpOkdEFsAztg43/NRqiDI=",
        "owner": "nvim-tree",
        "repo": "nvim-tree.lua",
        "rev": "3c5d9dd31f52a56dd78a7a1c3c8d411fe7fa1116",
        "type": "github"
      },
      "original": {
        "owner": "nvim-tree",
        "repo": "nvim-tree.lua",
        "type": "github"
      }
    },
    "nvim-treesitter": {
      "flake": false,
      "locked": {
        "lastModified": 1670620787,
        "narHash": "sha256-TuZcI75JroklR1yApy9Azf3eDQeXcfEXyKUvjow1Ug8=",
        "owner": "nvim-treesitter",
        "repo": "nvim-treesitter",
        "rev": "add21c54c8d83058cd33fb73b89258cdded00b3e",
        "type": "github"
      },
      "original": {
        "owner": "nvim-treesitter",
        "repo": "nvim-treesitter",
        "type": "github"
      }
    },
    "nvim-web-devicons": {
      "flake": false,
      "locked": {
        "lastModified": 1670623994,
        "narHash": "sha256-X2CM/CjBS5RCKVsepbOnmmYveYNjssaMm8uo92u2o6w=",
        "owner": "nvim-tree",
        "repo": "nvim-web-devicons",
        "rev": "05e1072f63f6c194ac6e867b567e6b437d3d4622",
        "type": "github"
      },
      "original": {
        "owner": "nvim-tree",
        "repo": "nvim-web-devicons",
        "type": "github"
      }
    },
    "plenary-nvim": {
      "flake": false,
      "locked": {
        "lastModified": 1664607953,
        "narHash": "sha256-lIdBrVpi+vUudeotjFAuw4C0VT8TPoFE9cVVAQEsAYU=",
        "owner": "nvim-lua",
        "repo": "plenary.nvim",
        "rev": "4b7e52044bbb84242158d977a50c4cbcd85070c7",
        "type": "github"
      },
      "original": {
        "owner": "nvim-lua",
        "repo": "plenary.nvim",
        "type": "github"
      }
    },
    "ripgrep": {
      "flake": false,
      "locked": {
        "lastModified": 1668432667,
        "narHash": "sha256-x2YXaGZcgMUbSxOO6oMC1zSym88Gb2bcjzmnzE9a24I=",
        "owner": "BurntSushi",
        "repo": "ripgrep",
        "rev": "7f23cd63a51d45415bb3df28d053562844194767",
        "type": "github"
      },
      "original": {
        "owner": "BurntSushi",
        "repo": "ripgrep",
        "type": "github"
      }
    },
    "root": {
      "inputs": {
        "gitsigns-nvim": "gitsigns-nvim",
        "neovim": "neovim",
        "nixpkgs": "nixpkgs",
        "nvim-lspconfig": "nvim-lspconfig",
        "nvim-tree-lua": "nvim-tree-lua",
        "nvim-treesitter": "nvim-treesitter",
        "nvim-web-devicons": "nvim-web-devicons",
        "plenary-nvim": "plenary-nvim",
        "ripgrep": "ripgrep",
        "telescope-fzf-native-nvim": "telescope-fzf-native-nvim",
        "telescope-nvim": "telescope-nvim",
        "vim-nix": "vim-nix"
      }
    },
    "telescope-fzf-native-nvim": {
      "flake": false,
      "locked": {
        "lastModified": 1669978470,
        "narHash": "sha256-IBrGxZ98YftUvJjQNVebOQDiBYkX9vd/qIsnM3fy96o=",
        "owner": "nvim-telescope",
        "repo": "telescope-fzf-native.nvim",
        "rev": "ae9d95da9ff5669eb8e35f758fbf385b3e2fb7cf",
        "type": "github"
      },
      "original": {
        "owner": "nvim-telescope",
        "repo": "telescope-fzf-native.nvim",
        "type": "github"
      }
    },
    "telescope-nvim": {
      "flake": false,
      "locked": {
        "lastModified": 1669979094,
        "narHash": "sha256-5UgCqnDs4iubnq7gER1wC8Mk9UZuo8cWqDB8ZbyGCRI=",
        "owner": "nvim-telescope",
        "repo": "telescope.nvim",
        "rev": "cabf991b1d3996fa6f3232327fc649bbdf676496",
        "type": "github"
      },
      "original": {
        "owner": "nvim-telescope",
        "repo": "telescope.nvim",
        "type": "github"
      }
    },
    "vim-nix": {
      "flake": false,
      "locked": {
        "lastModified": 1650919516,
        "narHash": "sha256-W6ExP+iDNo5T8XazxHRpUiECGv+AU5PPoM4CmU7NV+0=",
        "owner": "LnL7",
        "repo": "vim-nix",
        "rev": "7d23e97d13c40fcc6d603b291fe9b6e5f92516ee",
        "type": "github"
      },
      "original": {
        "owner": "LnL7",
        "repo": "vim-nix",
        "type": "github"
      }
    }
  },
  "root": "root",
  "version": 7
}
